
Microsoft Visual Studio Solution File, Format Version 12.00
# Visual Studio Version 16
VisualStudioVersion = 16.0.28803.352
MinimumVisualStudioVersion = 10.0.40219.1
Project("{FAE04EC0-301F-11D3-BF4B-00C04F79EFBC}") = "SYFDataManager", "SYFDataManager\SYFDataManager.csproj", "{00D9A69F-6F5B-4B18-93C5-1A3D18824FB8}"
EndProject
Project("{FAE04EC0-301F-11D3-BF4B-00C04F79EFBC}") = "DBConnection", "DBConnection\DBConnection.csproj", "{1DFA24F4-2322-4ED6-ABC3-14D454EDC4AF}"
EndProject
Project("{FAE04EC0-301F-11D3-BF4B-00C04F79EFBC}") = "Calculations", "Calculations\Calculations.csproj", "{9B498B3E-6710-4992-B5B6-0D9CA169C002}"
EndProject
Global
	GlobalSection(SolutionConfigurationPlatforms) = preSolution
		Debug|Any CPU = Debug|Any CPU
		Release|Any CPU = Release|Any CPU
	EndGlobalSection
	GlobalSection(ProjectConfigurationPlatforms) = postSolution
		{00D9A69F-6F5B-4B18-93C5-1A3D18824FB8}.Debug|Any CPU.ActiveCfg = Debug|Any CPU
		{00D9A69F-6F5B-4B18-93C5-1A3D18824FB8}.Debug|Any CPU.Build.0 = Debug|Any CPU
		{00D9A69F-6F5B-4B18-93C5-1A3D18824FB8}.Release|Any CPU.ActiveCfg = Release|Any CPU
		{00D9A69F-6F5B-4B18-93C5-1A3D18824FB8}.Release|Any CPU.Build.0 = Release|Any CPU
		{1DFA24F4-2322-4ED6-ABC3-14D454EDC4AF}.Debug|Any CPU.ActiveCfg = Debug|Any CPU
		{1DFA24F4-2322-4ED6-ABC3-14D454EDC4AF}.Debug|Any CPU.Build.0 = Debug|Any CPU
		{1DFA24F4-2322-4ED6-ABC3-14D454EDC4AF}.Release|Any CPU.ActiveCfg = Release|Any CPU
		{1DFA24F4-2322-4ED6-ABC3-14D454EDC4AF}.Release|Any CPU.Build.0 = Release|Any CPU
		{9B498B3E-6710-4992-B5B6-0D9CA169C002}.Debug|Any CPU.ActiveCfg = Debug|Any CPU
		{9B498B3E-6710-4992-B5B6-0D9CA169C002}.Debug|Any CPU.Build.0 = Debug|Any CPU
		{9B498B3E-6710-4992-B5B6-0D9CA169C002}.Release|Any CPU.ActiveCfg = Release|Any CPU
		{9B498B3E-6710-4992-B5B6-0D9CA169C002}.Release|Any CPU.Build.0 = Release|Any CPU
	EndGlobalSection
	GlobalSection(SolutionProperties) = preSolution
		HideSolutionNode = FALSE
	EndGlobalSection
	GlobalSection(ExtensibilityGlobals) = postSolution
		SolutionGuid = {CB6078B4-13E7-49EE-B78F-10B01A1CA4EA}
	EndGlobalSection
EndGlobal
